
Microsoft Visual Studio Solution File, Format Version 12.00
# Visual Studio 2013
VisualStudioVersion = 12.0.30723.0
MinimumVisualStudioVersion = 10.0.40219.1
Project("{FAE04EC0-301F-11D3-BF4B-00C04F79EFBC}") = "arduino", "arduino\arduino.csproj", "{4AF32C19-4C81-4C46-8D3E-0D4F144EB133}"
EndProject
Global
	GlobalSection(SolutionConfigurationPlatforms) = preSolution
		Debug|Any CPU = Debug|Any CPU
		Release|Any CPU = Release|Any CPU
	EndGlobalSection
	GlobalSection(ProjectConfigurationPlatforms) = postSolution
		{4AF32C19-4C81-4C46-8D3E-0D4F144EB133}.Debug|Any CPU.ActiveCfg = Debug|Any CPU
		{4AF32C19-4C81-4C46-8D3E-0D4F144EB133}.Debug|Any CPU.Build.0 = Debug|Any CPU
		{4AF32C19-4C81-4C46-8D3E-0D4F144EB133}.Release|Any CPU.ActiveCfg = Release|Any CPU
		{4AF32C19-4C81-4C46-8D3E-0D4F144EB133}.Release|Any CPU.Build.0 = Release|Any CPU
	EndGlobalSection
	GlobalSection(SolutionProperties) = preSolution
		HideSolutionNode = FALSE
	EndGlobalSection
EndGlobal
